
Microsoft Visual Studio Solution File, Format Version 12.00
# Visual Studio 15
VisualStudioVersion = 15.0.27004.2005
MinimumVisualStudioVersion = 10.0.40219.1
Project("{FAE04EC0-301F-11D3-BF4B-00C04F79EFBC}") = "UserManagerApp", "UserManagerApp\UserManagerApp.csproj", "{A12413AE-2CD8-4D3E-8B80-C75A9D44BD63}"
EndProject
Global
	GlobalSection(SolutionConfigurationPlatforms) = preSolution
		Debug|Any CPU = Debug|Any CPU
		Release|Any CPU = Release|Any CPU
	EndGlobalSection
	GlobalSection(ProjectConfigurationPlatforms) = postSolution
		{A12413AE-2CD8-4D3E-8B80-C75A9D44BD63}.Debug|Any CPU.ActiveCfg = Debug|Any CPU
		{A12413AE-2CD8-4D3E-8B80-C75A9D44BD63}.Debug|Any CPU.Build.0 = Debug|Any CPU
		{A12413AE-2CD8-4D3E-8B80-C75A9D44BD63}.Release|Any CPU.ActiveCfg = Release|Any CPU
		{A12413AE-2CD8-4D3E-8B80-C75A9D44BD63}.Release|Any CPU.Build.0 = Release|Any CPU
	EndGlobalSection
	GlobalSection(SolutionProperties) = preSolution
		HideSolutionNode = FALSE
	EndGlobalSection
	GlobalSection(ExtensibilityGlobals) = postSolution
		SolutionGuid = {C53089C8-FE0D-40C0-86D1-BADE5B46017A}
	EndGlobalSection
EndGlobal
